
Microsoft Visual Studio Solution File, Format Version 12.00
# Visual Studio Version 17
VisualStudioVersion = 17.11.35303.130
MinimumVisualStudioVersion = 10.0.40219.1
Project("{FAE04EC0-301F-11D3-BF4B-00C04F79EFBC}") = "CrudInCoreDBFirst", "CrudInCoreDBFirst.csproj", "{7AB5C073-C6DA-49BC-9421-3F18B2D58E73}"
EndProject
Global
	GlobalSection(SolutionConfigurationPlatforms) = preSolution
		Debug|Any CPU = Debug|Any CPU
		Release|Any CPU = Release|Any CPU
	EndGlobalSection
	GlobalSection(ProjectConfigurationPlatforms) = postSolution
		{7AB5C073-C6DA-49BC-9421-3F18B2D58E73}.Debug|Any CPU.ActiveCfg = Debug|Any CPU
		{7AB5C073-C6DA-49BC-9421-3F18B2D58E73}.Debug|Any CPU.Build.0 = Debug|Any CPU
		{7AB5C073-C6DA-49BC-9421-3F18B2D58E73}.Release|Any CPU.ActiveCfg = Release|Any CPU
		{7AB5C073-C6DA-49BC-9421-3F18B2D58E73}.Release|Any CPU.Build.0 = Release|Any CPU
	EndGlobalSection
	GlobalSection(SolutionProperties) = preSolution
		HideSolutionNode = FALSE
	EndGlobalSection
	GlobalSection(ExtensibilityGlobals) = postSolution
		SolutionGuid = {16A961F3-6AEF-410D-9D5B-B7847082BD28}
	EndGlobalSection
EndGlobal
